Microsoft Visual Studio Solution File, Format Version 12.00
# Visual Studio Version 16
VisualStudioVersion = 16.0.29920.165
MinimumVisualStudioVersion = 15.0.26124.0
Project("{D954291E-2A0B-460D-934E-DC6B0785DB48}") = "UnoApp1.Shared", "UnoApp1.Shared\UnoApp1.Shared.shproj", "{6279C845-92F8-4333-AB99-3D213163593C}"
EndProject
Project("{FAE04EC0-301F-11D3-BF4B-00C04F79EFBC}") = "UnoApp1.iOS", "UnoApp1.iOS\UnoApp1.iOS.csproj", "{F547D938-8C89-43AC-9E6A-609B00D70DF7}"
EndProject
Project("{FAE04EC0-301F-11D3-BF4B-00C04F79EFBC}") = "UnoApp1.Droid", "UnoApp1.Droid\UnoApp1.Droid.csproj", "{DB49B9C0-DF31-4745-8427-0F9508DF5D92}"
EndProject
Project("{9344BDBB-3E7F-41FC-A0DD-8665D75EE146}") = "UnoApp1.Wasm", "UnoApp1.Wasm\UnoApp1.Wasm.csproj", "{01892501-2364-4848-8929-04F007FA2874}"
EndProject
Project("{9344BDBB-3E7F-41FC-A0DD-8665D75EE146}") = "UnoApp1.macOS", "UnoApp1.macOS\UnoApp1.macOS.csproj", "{3E50A513-0877-476A-A9B2-0FCE95DF4507}"
EndProject
Global
	GlobalSection(SharedMSBuildProjectFiles) = preSolution
		UnoApp1.Shared\UnoApp1.Shared.projitems*{DB49B9C0-DF31-4745-8427-0F9508DF5D92}*SharedItemsImports = 4
		UnoApp1.Shared\UnoApp1.Shared.projitems*{E6949991-1591-430E-857B-8EA60B81ABE0}*SharedItemsImports = 5
		UnoApp1.Shared\UnoApp1.Shared.projitems*{DEC30855-59E1-4453-8E2D-DD9150A6D024}*SharedItemsImports = 4
		UnoApp1.Shared\UnoApp1.Shared.projitems*{40ea03f7-8a22-4143-b251-79bac3eb13d2}*SharedItemsImports = 5
		UnoApp1.Shared\UnoApp1.Shared.projitems*{a5b8155a-118f-4794-b551-c6f3cf7e5411}*SharedItemsImports = 5
		UnoApp1.Shared\UnoApp1.Shared.projitems*{F547D938-8C89-43AC-9E6A-609B00D70DF7}*SharedItemsImports = 4
		UnoApp1.Shared\UnoApp1.Shared.projitems*{6279c845-92f8-4333-ab99-3d213163593c}*SharedItemsImports = 13
		UnoApp1.Shared\UnoApp1.Shared.projitems*{1E200CFB-8A73-43A4-9AF4-1FDD754E341B}*SharedItemsImports = 4
	EndGlobalSection
	GlobalSection(SolutionConfigurationPlatforms) = preSolution
		Debug|Any CPU = Debug|Any CPU
		Debug|ARM = Debug|ARM
		Debug|ARM64 = Debug|ARM64
		Debug|iPhone = Debug|iPhone
		Debug|iPhoneSimulator = Debug|iPhoneSimulator
		Debug|x64 = Debug|x64
		Debug|x86 = Debug|x86
		Release|Any CPU = Release|Any CPU
		Release|ARM = Release|ARM
		Release|ARM64 = Release|ARM64
		Release|iPhone = Release|iPhone
		Release|iPhoneSimulator = Release|iPhoneSimulator
		Release|x64 = Release|x64
		Release|x86 = Release|x86
	EndGlobalSection
	GlobalSection(ProjectConfigurationPlatforms) = postSolution
		{F547D938-8C89-43AC-9E6A-609B00D70DF7}.Debug|Any CPU.ActiveCfg = Debug|iPhone
		{F547D938-8C89-43AC-9E6A-609B00D70DF7}.Debug|Any CPU.Build.0 = Debug|iPhone
		{F547D938-8C89-43AC-9E6A-609B00D70DF7}.Debug|Any CPU.Deploy.0 = Debug|iPhone
		{F547D938-8C89-43AC-9E6A-609B00D70DF7}.Debug|ARM.ActiveCfg = Debug|iPhone
		{F547D938-8C89-43AC-9E6A-609B00D70DF7}.Debug|ARM64.ActiveCfg = Debug|iPhone
		{F547D938-8C89-43AC-9E6A-609B00D70DF7}.Debug|iPhone.ActiveCfg = Debug|iPhone
		{F547D938-8C89-43AC-9E6A-609B00D70DF7}.Debug|iPhone.Build.0 = Debug|iPhone
		{F547D938-8C89-43AC-9E6A-609B00D70DF7}.Debug|iPhoneSimulator.ActiveCfg = Debug|iPhoneSimulator
		{F547D938-8C89-43AC-9E6A-609B00D70DF7}.Debug|iPhoneSimulator.Build.0 = Debug|iPhoneSimulator
		{F547D938-8C89-43AC-9E6A-609B00D70DF7}.Debug|x64.ActiveCfg = Debug|iPhone
		{F547D938-8C89-43AC-9E6A-609B00D70DF7}.Debug|x64.Build.0 = Debug|iPhone
		{F547D938-8C89-43AC-9E6A-609B00D70DF7}.Debug|x64.Deploy.0 = Debug|iPhone
		{F547D938-8C89-43AC-9E6A-609B00D70DF7}.Debug|x86.ActiveCfg = Debug|iPhoneSimulator
		{F547D938-8C89-43AC-9E6A-609B00D70DF7}.Debug|x86.Build.0 = Debug|iPhoneSimulator
		{F547D938-8C89-43AC-9E6A-609B00D70DF7}.Debug|x86.Deploy.0 = Debug|iPhoneSimulator
		{F547D938-8C89-43AC-9E6A-609B00D70DF7}.Release|Any CPU.ActiveCfg = Release|iPhone
		{F547D938-8C89-43AC-9E6A-609B00D70DF7}.Release|ARM.ActiveCfg = Release|iPhone
		{F547D938-8C89-43AC-9E6A-609B00D70DF7}.Release|ARM64.ActiveCfg = Release|iPhone
		{F547D938-8C89-43AC-9E6A-609B00D70DF7}.Release|iPhone.ActiveCfg = Release|iPhone
		{F547D938-8C89-43AC-9E6A-609B00D70DF7}.Release|iPhone.Build.0 = Release|iPhone
		{F547D938-8C89-43AC-9E6A-609B00D70DF7}.Release|iPhoneSimulator.ActiveCfg = Release|iPhoneSimulator
		{F547D938-8C89-43AC-9E6A-609B00D70DF7}.Release|iPhoneSimulator.Build.0 = Release|iPhoneSimulator
		{F547D938-8C89-43AC-9E6A-609B00D70DF7}.Release|x64.ActiveCfg = Release|iPhoneSimulator
		{F547D938-8C89-43AC-9E6A-609B00D70DF7}.Release|x64.Build.0 = Release|iPhoneSimulator
		{F547D938-8C89-43AC-9E6A-609B00D70DF7}.Release|x64.Deploy.0 = Release|iPhoneSimulator
		{F547D938-8C89-43AC-9E6A-609B00D70DF7}.Release|x86.ActiveCfg = Release|iPhoneSimulator
		{F547D938-8C89-43AC-9E6A-609B00D70DF7}.Release|x86.Build.0 = Release|iPhoneSimulator
		{DB49B9C0-DF31-4745-8427-0F9508DF5D92}.Debug|Any CPU.ActiveCfg = Debug|Any CPU
		{DB49B9C0-DF31-4745-8427-0F9508DF5D92}.Debug|Any CPU.Build.0 = Debug|Any CPU
		{DB49B9C0-DF31-4745-8427-0F9508DF5D92}.Debug|Any CPU.Deploy.0 = Debug|Any CPU
		{DB49B9C0-DF31-4745-8427-0F9508DF5D92}.Debug|ARM.ActiveCfg = Debug|Any CPU
		{DB49B9C0-DF31-4745-8427-0F9508DF5D92}.Debug|ARM.Build.0 = Debug|Any CPU
		{DB49B9C0-DF31-4745-8427-0F9508DF5D92}.Debug|ARM.Deploy.0 = Debug|Any CPU
		{DB49B9C0-DF31-4745-8427-0F9508DF5D92}.Debug|ARM64.ActiveCfg = Debug|Any CPU
		{DB49B9C0-DF31-4745-8427-0F9508DF5D92}.Debug|ARM64.Build.0 = Debug|Any CPU
		{DB49B9C0-DF31-4745-8427-0F9508DF5D92}.Debug|ARM64.Deploy.0 = Debug|Any CPU
		{DB49B9C0-DF31-4745-8427-0F9508DF5D92}.Debug|iPhone.ActiveCfg = Debug|Any CPU
		{DB49B9C0-DF31-4745-8427-0F9508DF5D92}.Debug|iPhone.Build.0 = Debug|Any CPU
		{DB49B9C0-DF31-4745-8427-0F9508DF5D92}.Debug|iPhone.Deploy.0 = Debug|Any CPU
		{DB49B9C0-DF31-4745-8427-0F9508DF5D92}.Debug|iPhoneSimulator.ActiveCfg = Debug|Any CPU
		{DB49B9C0-DF31-4745-8427-0F9508DF5D92}.Debug|iPhoneSimulator.Build.0 = Debug|Any CPU
		{DB49B9C0-DF31-4745-8427-0F9508DF5D92}.Debug|iPhoneSimulator.Deploy.0 = Debug|Any CPU
		{DB49B9C0-DF31-4745-8427-0F9508DF5D92}.Debug|x64.ActiveCfg = Debug|Any CPU
		{DB49B9C0-DF31-4745-8427-0F9508DF5D92}.Debug|x64.Build.0 = Debug|Any CPU
		{DB49B9C0-DF31-4745-8427-0F9508DF5D92}.Debug|x64.Deploy.0 = Debug|Any CPU
		{DB49B9C0-DF31-4745-8427-0F9508DF5D92}.Debug|x86.ActiveCfg = Debug|Any CPU
		{DB49B9C0-DF31-4745-8427-0F9508DF5D92}.Debug|x86.Build.0 = Debug|Any CPU
		{DB49B9C0-DF31-4745-8427-0F9508DF5D92}.Debug|x86.Deploy.0 = Debug|Any CPU
		{DB49B9C0-DF31-4745-8427-0F9508DF5D92}.Release|Any CPU.ActiveCfg = Release|Any CPU
		{DB49B9C0-DF31-4745-8427-0F9508DF5D92}.Release|Any CPU.Build.0 = Release|Any CPU
		{DB49B9C0-DF31-4745-8427-0F9508DF5D92}.Release|Any CPU.Deploy.0 = Release|Any CPU
		{DB49B9C0-DF31-4745-8427-0F9508DF5D92}.Release|ARM.ActiveCfg = Release|Any CPU
		{DB49B9C0-DF31-4745-8427-0F9508DF5D92}.Release|ARM.Build.0 = Release|Any CPU
		{DB49B9C0-DF31-4745-8427-0F9508DF5D92}.Release|ARM.Deploy.0 = Release|Any CPU
		{DB49B9C0-DF31-4745-8427-0F9508DF5D92}.Release|ARM64.ActiveCfg = Release|Any CPU
		{DB49B9C0-DF31-4745-8427-0F9508DF5D92}.Release|ARM64.Build.0 = Release|Any CPU
		{DB49B9C0-DF31-4745-8427-0F9508DF5D92}.Release|ARM64.Deploy.0 = Release|Any CPU
		{DB49B9C0-DF31-4745-8427-0F9508DF5D92}.Release|iPhone.ActiveCfg = Release|Any CPU
		{DB49B9C0-DF31-4745-8427-0F9508DF5D92}.Release|iPhone.Build.0 = Release|Any CPU
		{DB49B9C0-DF31-4745-8427-0F9508DF5D92}.Release|iPhone.Deploy.0 = Release|Any CPU
		{DB49B9C0-DF31-4745-8427-0F9508DF5D92}.Release|iPhoneSimulator.ActiveCfg = Release|Any CPU
		{DB49B9C0-DF31-4745-8427-0F9508DF5D92}.Release|iPhoneSimulator.Build.0 = Release|Any CPU
		{DB49B9C0-DF31-4745-8427-0F9508DF5D92}.Release|iPhoneSimulator.Deploy.0 = Release|Any CPU
		{DB49B9C0-DF31-4745-8427-0F9508DF5D92}.Release|x64.ActiveCfg = Release|Any CPU
		{DB49B9C0-DF31-4745-8427-0F9508DF5D92}.Release|x64.Build.0 = Release|Any CPU
		{DB49B9C0-DF31-4745-8427-0F9508DF5D92}.Release|x64.Deploy.0 = Release|Any CPU
		{DB49B9C0-DF31-4745-8427-0F9508DF5D92}.Release|x86.ActiveCfg = Release|Any CPU
		{DB49B9C0-DF31-4745-8427-0F9508DF5D92}.Release|x86.Build.0 = Release|Any CPU
		{DB49B9C0-DF31-4745-8427-0F9508DF5D92}.Release|x86.Deploy.0 = Release|Any CPU
		{01892501-2364-4848-8929-04F007FA2874}.Debug|Any CPU.ActiveCfg = Debug|Any CPU
		{01892501-2364-4848-8929-04F007FA2874}.Debug|Any CPU.Build.0 = Debug|Any CPU
		{01892501-2364-4848-8929-04F007FA2874}.Debug|ARM.ActiveCfg = Debug|Any CPU
		{01892501-2364-4848-8929-04F007FA2874}.Debug|ARM.Build.0 = Debug|Any CPU
		{01892501-2364-4848-8929-04F007FA2874}.Debug|ARM64.ActiveCfg = Debug|Any CPU
		{01892501-2364-4848-8929-04F007FA2874}.Debug|ARM64.Build.0 = Debug|Any CPU
		{01892501-2364-4848-8929-04F007FA2874}.Debug|iPhone.ActiveCfg = Debug|Any CPU
		{01892501-2364-4848-8929-04F007FA2874}.Debug|iPhone.Build.0 = Debug|Any CPU
		{01892501-2364-4848-8929-04F007FA2874}.Debug|iPhoneSimulator.ActiveCfg = Debug|Any CPU
		{01892501-2364-4848-8929-04F007FA2874}.Debug|iPhoneSimulator.Build.0 = Debug|Any CPU
		{01892501-2364-4848-8929-04F007FA2874}.Debug|x64.ActiveCfg = Debug|Any CPU
		{01892501-2364-4848-8929-04F007FA2874}.Debug|x64.Build.0 = Debug|Any CPU
		{01892501-2364-4848-8929-04F007FA2874}.Debug|x86.ActiveCfg = Debug|Any CPU
		{01892501-2364-4848-8929-04F007FA2874}.Debug|x86.Build.0 = Debug|Any CPU
		{01892501-2364-4848-8929-04F007FA2874}.Release|Any CPU.ActiveCfg = Release|Any CPU
		{01892501-2364-4848-8929-04F007FA2874}.Release|Any CPU.Build.0 = Release|Any CPU
		{01892501-2364-4848-8929-04F007FA2874}.Release|ARM.ActiveCfg = Release|Any CPU
		{01892501-2364-4848-8929-04F007FA2874}.Release|ARM.Build.0 = Release|Any CPU
		{01892501-2364-4848-8929-04F007FA2874}.Release|ARM64.ActiveCfg = Release|Any CPU
		{01892501-2364-4848-8929-04F007FA2874}.Release|ARM64.Build.0 = Release|Any CPU
		{01892501-2364-4848-8929-04F007FA2874}.Release|iPhone.ActiveCfg = Release|Any CPU
		{01892501-2364-4848-8929-04F007FA2874}.Release|iPhone.Build.0 = Release|Any CPU
		{01892501-2364-4848-8929-04F007FA2874}.Release|iPhoneSimulator.ActiveCfg = Release|Any CPU
		{01892501-2364-4848-8929-04F007FA2874}.Release|iPhoneSimulator.Build.0 = Release|Any CPU
		{01892501-2364-4848-8929-04F007FA2874}.Release|x64.ActiveCfg = Release|Any CPU
		{01892501-2364-4848-8929-04F007FA2874}.Release|x64.Build.0 = Release|Any CPU
		{01892501-2364-4848-8929-04F007FA2874}.Release|x86.ActiveCfg = Release|Any CPU
		{01892501-2364-4848-8929-04F007FA2874}.Release|x86.Build.0 = Release|Any CPU
		{3E50A513-0877-476A-A9B2-0FCE95DF4507}.Debug|Any CPU.ActiveCfg = Debug|iPhoneSimulator
		{3E50A513-0877-476A-A9B2-0FCE95DF4507}.Debug|Any CPU.Build.0 = Debug|iPhoneSimulator
		{3E50A513-0877-476A-A9B2-0FCE95DF4507}.Debug|ARM.ActiveCfg = Debug|iPhoneSimulator
		{3E50A513-0877-476A-A9B2-0FCE95DF4507}.Debug|ARM64.ActiveCfg = Debug|iPhoneSimulator
		{3E50A513-0877-476A-A9B2-0FCE95DF4507}.Debug|iPhone.ActiveCfg = Debug|iPhoneSimulator
		{3E50A513-0877-476A-A9B2-0FCE95DF4507}.Debug|iPhone.Build.0 = Debug|iPhoneSimulator
		{3E50A513-0877-476A-A9B2-0FCE95DF4507}.Debug|iPhoneSimulator.ActiveCfg = Debug|iPhoneSimulator
		{3E50A513-0877-476A-A9B2-0FCE95DF4507}.Debug|iPhoneSimulator.Build.0 = Debug|iPhoneSimulator
		{3E50A513-0877-476A-A9B2-0FCE95DF4507}.Debug|x64.ActiveCfg = Debug|iPhoneSimulator
		{3E50A513-0877-476A-A9B2-0FCE95DF4507}.Debug|x64.Build.0 = Debug|iPhoneSimulator
		{3E50A513-0877-476A-A9B2-0FCE95DF4507}.Debug|x86.ActiveCfg = Debug|iPhoneSimulator
		{3E50A513-0877-476A-A9B2-0FCE95DF4507}.Debug|x86.Build.0 = Debug|iPhoneSimulator
		{3E50A513-0877-476A-A9B2-0FCE95DF4507}.Release|Any CPU.ActiveCfg = Release|iPhoneSimulator
		{3E50A513-0877-476A-A9B2-0FCE95DF4507}.Release|ARM.ActiveCfg = Release|iPhoneSimulator
		{3E50A513-0877-476A-A9B2-0FCE95DF4507}.Release|ARM64.ActiveCfg = Release|iPhoneSimulator
		{3E50A513-0877-476A-A9B2-0FCE95DF4507}.Release|iPhone.ActiveCfg = Release|iPhoneSimulator
		{3E50A513-0877-476A-A9B2-0FCE95DF4507}.Release|iPhone.Build.0 = Release|iPhoneSimulator
		{3E50A513-0877-476A-A9B2-0FCE95DF4507}.Release|iPhoneSimulator.ActiveCfg = Release|iPhoneSimulator
		{3E50A513-0877-476A-A9B2-0FCE95DF4507}.Release|iPhoneSimulator.Build.0 = Release|iPhoneSimulator
		{3E50A513-0877-476A-A9B2-0FCE95DF4507}.Release|x64.ActiveCfg = Release|iPhoneSimulator
		{3E50A513-0877-476A-A9B2-0FCE95DF4507}.Release|x64.Build.0 = Release|iPhoneSimulator
		{3E50A513-0877-476A-A9B2-0FCE95DF4507}.Release|x86.ActiveCfg = Release|iPhoneSimulator
		{3E50A513-0877-476A-A9B2-0FCE95DF4507}.Release|x86.Build.0 = Release|iPhoneSimulator
	EndGlobalSection
	GlobalSection(SolutionProperties) = preSolution
		HideSolutionNode = FALSE
	EndGlobalSection
	GlobalSection(ExtensibilityGlobals) = postSolution
		SolutionGuid = {C7433AE2-B1A0-4C1A-887E-5CAA7AAF67A6}
	EndGlobalSection
EndGlobal
